
Microsoft Visual Studio Solution File, Format Version 12.00
# Visual Studio Version 16
VisualStudioVersion = 16.0.30225.117
MinimumVisualStudioVersion = 10.0.40219.1
Project("{9A19103F-16F7-4668-BE54-9A1E7A4F7556}") = "Web", "Classeur_Magic_Application\Web.csproj", "{EFF3A4B3-5924-4EEB-966F-43E632B4DFBF}"
EndProject
Project("{9A19103F-16F7-4668-BE54-9A1E7A4F7556}") = "ApplicationCore", "Application\ApplicationCore.csproj", "{D6A85D7E-BD00-4587-8CA3-E7F60ACF58DA}"
EndProject
Project("{9A19103F-16F7-4668-BE54-9A1E7A4F7556}") = "Infrastructure", "Infrastructure\Infrastructure.csproj", "{23589FA4-4898-4B7A-B1F9-71C53A32B197}"
EndProject
Project("{2150E333-8FDC-42A3-9474-1A3956D46DE8}") = "src", "src", "{648FEE9B-1475-4133-ADA4-F2F070EBFE16}"
EndProject
Project("{2150E333-8FDC-42A3-9474-1A3956D46DE8}") = "test", "test", "{6E0F87ED-5FAD-408C-A455-C9A6668B0036}"
EndProject
Project("{FAE04EC0-301F-11D3-BF4B-00C04F79EFBC}") = "ApplicationCoreTests", "ApplicationCoreTests\ApplicationCoreTests.csproj", "{062A624A-85DC-4ADB-864D-70C92031D275}"
EndProject
Global
	GlobalSection(SolutionConfigurationPlatforms) = preSolution
		Debug|Any CPU = Debug|Any CPU
		Release|Any CPU = Release|Any CPU
	EndGlobalSection
	GlobalSection(ProjectConfigurationPlatforms) = postSolution
		{EFF3A4B3-5924-4EEB-966F-43E632B4DFBF}.Debug|Any CPU.ActiveCfg = Debug|Any CPU
		{EFF3A4B3-5924-4EEB-966F-43E632B4DFBF}.Debug|Any CPU.Build.0 = Debug|Any CPU
		{EFF3A4B3-5924-4EEB-966F-43E632B4DFBF}.Release|Any CPU.ActiveCfg = Release|Any CPU
		{EFF3A4B3-5924-4EEB-966F-43E632B4DFBF}.Release|Any CPU.Build.0 = Release|Any CPU
		{D6A85D7E-BD00-4587-8CA3-E7F60ACF58DA}.Debug|Any CPU.ActiveCfg = Debug|Any CPU
		{D6A85D7E-BD00-4587-8CA3-E7F60ACF58DA}.Debug|Any CPU.Build.0 = Debug|Any CPU
		{D6A85D7E-BD00-4587-8CA3-E7F60ACF58DA}.Release|Any CPU.ActiveCfg = Release|Any CPU
		{D6A85D7E-BD00-4587-8CA3-E7F60ACF58DA}.Release|Any CPU.Build.0 = Release|Any CPU
		{23589FA4-4898-4B7A-B1F9-71C53A32B197}.Debug|Any CPU.ActiveCfg = Debug|Any CPU
		{23589FA4-4898-4B7A-B1F9-71C53A32B197}.Debug|Any CPU.Build.0 = Debug|Any CPU
		{23589FA4-4898-4B7A-B1F9-71C53A32B197}.Release|Any CPU.ActiveCfg = Release|Any CPU
		{23589FA4-4898-4B7A-B1F9-71C53A32B197}.Release|Any CPU.Build.0 = Release|Any CPU
		{062A624A-85DC-4ADB-864D-70C92031D275}.Debug|Any CPU.ActiveCfg = Debug|Any CPU
		{062A624A-85DC-4ADB-864D-70C92031D275}.Debug|Any CPU.Build.0 = Debug|Any CPU
		{062A624A-85DC-4ADB-864D-70C92031D275}.Release|Any CPU.ActiveCfg = Release|Any CPU
		{062A624A-85DC-4ADB-864D-70C92031D275}.Release|Any CPU.Build.0 = Release|Any CPU
	EndGlobalSection
	GlobalSection(SolutionProperties) = preSolution
		HideSolutionNode = FALSE
	EndGlobalSection
	GlobalSection(NestedProjects) = preSolution
		{EFF3A4B3-5924-4EEB-966F-43E632B4DFBF} = {648FEE9B-1475-4133-ADA4-F2F070EBFE16}
		{D6A85D7E-BD00-4587-8CA3-E7F60ACF58DA} = {648FEE9B-1475-4133-ADA4-F2F070EBFE16}
		{23589FA4-4898-4B7A-B1F9-71C53A32B197} = {648FEE9B-1475-4133-ADA4-F2F070EBFE16}
		{062A624A-85DC-4ADB-864D-70C92031D275} = {6E0F87ED-5FAD-408C-A455-C9A6668B0036}
	EndGlobalSection
	GlobalSection(ExtensibilityGlobals) = postSolution
		SolutionGuid = {A380B1AE-178E-425A-82FF-391DC6653333}
	EndGlobalSection
EndGlobal
